
Microsoft Visual Studio Solution File, Format Version 12.00
# Visual Studio 14
VisualStudioVersion = 14.0.25420.1
MinimumVisualStudioVersion = 10.0.40219.1
Project("{FAE04EC0-301F-11D3-BF4B-00C04F79EFBC}") = "OpenLearnAnswerFetcher.Business", "OpenLearnAnswerFetcher.Business\OpenLearnAnswerFetcher.Business.csproj", "{9EAF298F-4F16-422E-AAC7-BB67FAE22799}"
EndProject
Project("{FAE04EC0-301F-11D3-BF4B-00C04F79EFBC}") = "OpenLearnAnswerFetcher.Test", "OpenLearnAnswerFetcher.Test\OpenLearnAnswerFetcher.Test.csproj", "{922C47A4-8C72-48E6-B334-E2F29EEAD16E}"
EndProject
Project("{FAE04EC0-301F-11D3-BF4B-00C04F79EFBC}") = "OpenLearnAnswerFetcher.Client", "OpenLearnAnswerFetcher.Client\OpenLearnAnswerFetcher.Client.csproj", "{7BAAA867-1E06-4482-8AE1-63E79B2B27DA}"
EndProject
Global
	GlobalSection(SolutionConfigurationPlatforms) = preSolution
		Debug|Any CPU = Debug|Any CPU
		Release|Any CPU = Release|Any CPU
	EndGlobalSection
	GlobalSection(ProjectConfigurationPlatforms) = postSolution
		{9EAF298F-4F16-422E-AAC7-BB67FAE22799}.Debug|Any CPU.ActiveCfg = Debug|Any CPU
		{9EAF298F-4F16-422E-AAC7-BB67FAE22799}.Debug|Any CPU.Build.0 = Debug|Any CPU
		{9EAF298F-4F16-422E-AAC7-BB67FAE22799}.Release|Any CPU.ActiveCfg = Release|Any CPU
		{9EAF298F-4F16-422E-AAC7-BB67FAE22799}.Release|Any CPU.Build.0 = Release|Any CPU
		{922C47A4-8C72-48E6-B334-E2F29EEAD16E}.Debug|Any CPU.ActiveCfg = Debug|Any CPU
		{922C47A4-8C72-48E6-B334-E2F29EEAD16E}.Debug|Any CPU.Build.0 = Debug|Any CPU
		{922C47A4-8C72-48E6-B334-E2F29EEAD16E}.Release|Any CPU.ActiveCfg = Release|Any CPU
		{922C47A4-8C72-48E6-B334-E2F29EEAD16E}.Release|Any CPU.Build.0 = Release|Any CPU
		{7BAAA867-1E06-4482-8AE1-63E79B2B27DA}.Debug|Any CPU.ActiveCfg = Debug|Any CPU
		{7BAAA867-1E06-4482-8AE1-63E79B2B27DA}.Debug|Any CPU.Build.0 = Debug|Any CPU
		{7BAAA867-1E06-4482-8AE1-63E79B2B27DA}.Release|Any CPU.ActiveCfg = Release|Any CPU
		{7BAAA867-1E06-4482-8AE1-63E79B2B27DA}.Release|Any CPU.Build.0 = Release|Any CPU
	EndGlobalSection
	GlobalSection(SolutionProperties) = preSolution
		HideSolutionNode = FALSE
	EndGlobalSection
EndGlobal
